
Microsoft Visual Studio Solution File, Format Version 12.00
# Visual Studio Version 16
VisualStudioVersion = 16.0.29709.97
MinimumVisualStudioVersion = 10.0.40219.1
Project("{FAE04EC0-301F-11D3-BF4B-00C04F79EFBC}") = "MiPrimerProyectoConsola", "MiPrimerProyectoConsola\MiPrimerProyectoConsola.csproj", "{F3C1CE00-DE4A-4BF7-B82E-C50D3A11752D}"
EndProject
Project("{FAE04EC0-301F-11D3-BF4B-00C04F79EFBC}") = "MiPrimerProyectoFroms", "MiPrimerProyectoFroms\MiPrimerProyectoFroms.csproj", "{1825F509-D3AB-424C-933C-B4F104D62801}"
EndProject
Global
	GlobalSection(SolutionConfigurationPlatforms) = preSolution
		Debug|Any CPU = Debug|Any CPU
		Release|Any CPU = Release|Any CPU
	EndGlobalSection
	GlobalSection(ProjectConfigurationPlatforms) = postSolution
		{F3C1CE00-DE4A-4BF7-B82E-C50D3A11752D}.Debug|Any CPU.ActiveCfg = Debug|Any CPU
		{F3C1CE00-DE4A-4BF7-B82E-C50D3A11752D}.Debug|Any CPU.Build.0 = Debug|Any CPU
		{F3C1CE00-DE4A-4BF7-B82E-C50D3A11752D}.Release|Any CPU.ActiveCfg = Release|Any CPU
		{F3C1CE00-DE4A-4BF7-B82E-C50D3A11752D}.Release|Any CPU.Build.0 = Release|Any CPU
		{1825F509-D3AB-424C-933C-B4F104D62801}.Debug|Any CPU.ActiveCfg = Debug|Any CPU
		{1825F509-D3AB-424C-933C-B4F104D62801}.Debug|Any CPU.Build.0 = Debug|Any CPU
		{1825F509-D3AB-424C-933C-B4F104D62801}.Release|Any CPU.ActiveCfg = Release|Any CPU
		{1825F509-D3AB-424C-933C-B4F104D62801}.Release|Any CPU.Build.0 = Release|Any CPU
	EndGlobalSection
	GlobalSection(SolutionProperties) = preSolution
		HideSolutionNode = FALSE
	EndGlobalSection
	GlobalSection(ExtensibilityGlobals) = postSolution
		SolutionGuid = {D28544E4-183E-4E99-8556-0D3101ED3086}
	EndGlobalSection
EndGlobal
